
Microsoft Visual Studio Solution File, Format Version 12.00
# Visual Studio 15
VisualStudioVersion = 15.0.27703.2026
MinimumVisualStudioVersion = 10.0.40219.1
Project("{FAE04EC0-301F-11D3-BF4B-00C04F79EFBC}") = "dihiddieDiary", "WebApplication1\dihiddieDiary.csproj", "{3505D0E5-30EE-4666-8F48-757C32499C20}"
EndProject
Project("{2150E333-8FDC-42A3-9474-1A3956D46DE8}") = "DatabaseScripts", "DatabaseScripts", "{81E2FAB5-A05A-4C8E-BDFB-BE680214FB9A}"
	ProjectSection(SolutionItems) = preProject
		DatabaseScripts\create_table.sql = DatabaseScripts\create_table.sql
	EndProjectSection
EndProject
Project("{2150E333-8FDC-42A3-9474-1A3956D46DE8}") = "DAL", "DAL", "{63F29E37-D2A3-4CA5-9CE9-22DBF3491ABA}"
EndProject
Project("{FAE04EC0-301F-11D3-BF4B-00C04F79EFBC}") = "dihiddieDiary.DAL.DiaryPost.EF", "DAL\dihiddieDiary.DAL.DiaryPost.EF\dihiddieDiary.DAL.DiaryPost.EF.csproj", "{3727F167-2631-467A-AC78-0850D4BF6A25}"
EndProject
Project("{FAE04EC0-301F-11D3-BF4B-00C04F79EFBC}") = "dihiddieDiary.DAL.DiaryPost.Core", "DAL\dihiddieDiary.DAL.DiaryPost\dihiddieDiary.DAL.DiaryPost.Core.csproj", "{9FCFC893-0CC4-448F-A0C7-EA0A97AD7F7F}"
EndProject
Global
	GlobalSection(SolutionConfigurationPlatforms) = preSolution
		Debug|Any CPU = Debug|Any CPU
		Release|Any CPU = Release|Any CPU
	EndGlobalSection
	GlobalSection(ProjectConfigurationPlatforms) = postSolution
		{3505D0E5-30EE-4666-8F48-757C32499C20}.Debug|Any CPU.ActiveCfg = Debug|Any CPU
		{3505D0E5-30EE-4666-8F48-757C32499C20}.Debug|Any CPU.Build.0 = Debug|Any CPU
		{3505D0E5-30EE-4666-8F48-757C32499C20}.Release|Any CPU.ActiveCfg = Release|Any CPU
		{3505D0E5-30EE-4666-8F48-757C32499C20}.Release|Any CPU.Build.0 = Release|Any CPU
		{3727F167-2631-467A-AC78-0850D4BF6A25}.Debug|Any CPU.ActiveCfg = Debug|Any CPU
		{3727F167-2631-467A-AC78-0850D4BF6A25}.Debug|Any CPU.Build.0 = Debug|Any CPU
		{3727F167-2631-467A-AC78-0850D4BF6A25}.Release|Any CPU.ActiveCfg = Release|Any CPU
		{3727F167-2631-467A-AC78-0850D4BF6A25}.Release|Any CPU.Build.0 = Release|Any CPU
		{9FCFC893-0CC4-448F-A0C7-EA0A97AD7F7F}.Debug|Any CPU.ActiveCfg = Debug|Any CPU
		{9FCFC893-0CC4-448F-A0C7-EA0A97AD7F7F}.Debug|Any CPU.Build.0 = Debug|Any CPU
		{9FCFC893-0CC4-448F-A0C7-EA0A97AD7F7F}.Release|Any CPU.ActiveCfg = Release|Any CPU
		{9FCFC893-0CC4-448F-A0C7-EA0A97AD7F7F}.Release|Any CPU.Build.0 = Release|Any CPU
	EndGlobalSection
	GlobalSection(SolutionProperties) = preSolution
		HideSolutionNode = FALSE
	EndGlobalSection
	GlobalSection(NestedProjects) = preSolution
		{3727F167-2631-467A-AC78-0850D4BF6A25} = {63F29E37-D2A3-4CA5-9CE9-22DBF3491ABA}
		{9FCFC893-0CC4-448F-A0C7-EA0A97AD7F7F} = {63F29E37-D2A3-4CA5-9CE9-22DBF3491ABA}
	EndGlobalSection
	GlobalSection(ExtensibilityGlobals) = postSolution
		SolutionGuid = {E842A425-FBF4-4219-96DE-F15263A02B01}
	EndGlobalSection
EndGlobal
